Microsoft Visual Studio Solution File, Format Version 12.00
# Visual Studio 2012
Project("{FAE04EC0-301F-11D3-BF4B-00C04F79EFBC}") = "BlidFold Platformer", "BlidFold Platformer.csproj", "{6FB333E1-702E-4BD8-B564-F037FF328322}"
EndProject
Global
	GlobalSection(SolutionConfigurationPlatforms) = preSolution
	Debug|Any CPU = Debug|Any CPU
	Release|Any CPU = Release|Any CPU
	Tools|Any CPU = Tools|Any CPU
	EndGlobalSection
	GlobalSection(ProjectConfigurationPlatforms) = postSolution
		{6FB333E1-702E-4BD8-B564-F037FF328322}.Debug|Any CPU.ActiveCfg = Debug|Any CPU
		{6FB333E1-702E-4BD8-B564-F037FF328322}.Debug|Any CPU.Build.0 = Debug|Any CPU
		{6FB333E1-702E-4BD8-B564-F037FF328322}.Release|Any CPU.ActiveCfg = Release|Any CPU
		{6FB333E1-702E-4BD8-B564-F037FF328322}.Release|Any CPU.Build.0 = Release|Any CPU
		{6FB333E1-702E-4BD8-B564-F037FF328322}.Tools|Any CPU.ActiveCfg = Tools|Any CPU
		{6FB333E1-702E-4BD8-B564-F037FF328322}.Tools|Any CPU.Build.0 = Tools|Any CPU
	EndGlobalSection
EndGlobal
